// !$*UTF8*$!
{
	archiveVersion = 1;
	classes = {
	};
	objectVersion = 56;
	objects = {

/* Begin PBXBuildFile section */
		537420D32BFB279300FDA29D /* BitPals_CompanionAppApp.swift in Sources */ = {isa = PBXBuildFile; fileRef = 537420D22BFB279300FDA29D /* BitPals_CompanionAppApp.swift */; };
		537420D52BFB279300FDA29D /* ContentView.swift in Sources */ = {isa = PBXBuildFile; fileRef = 537420D42BFB279300FDA29D /* ContentView.swift */; };
		537420D72BFB279400FDA29D /* Assets.xcassets in Resources */ = {isa = PBXBuildFile; fileRef = 537420D62BFB279400FDA29D /* Assets.xcassets */; };
		537420DA2BFB279400FDA29D /* Preview Assets.xcassets in Resources */ = {isa = PBXBuildFile; fileRef = 537420D92BFB279400FDA29D /* Preview Assets.xcassets */; };
		5374212A2BFB93D700FDA29D /* SignInView.swift in Sources */ = {isa = PBXBuildFile; fileRef = 537421292BFB93D700FDA29D /* SignInView.swift */; };
		5374213F2BFC8F1000FDA29D /* MainView.swift in Sources */ = {isa = PBXBuildFile; fileRef = 5374213E2BFC8F1000FDA29D /* MainView.swift */; };
		53BCD0A12BFF7AD40055ADC5 /* MainViewModel.swift in Sources */ = {isa = PBXBuildFile; fileRef = 53BCD0A02BFF7AD40055ADC5 /* MainViewModel.swift */; };
/* End PBXBuildFile section */

/* Begin PBXFileReference section */
		537420CF2BFB279300FDA29D /* BitPals-CompanionApp.app */ = {isa = PBXFileReference; explicitFileType = wrapper.application; includeInIndex = 0; path = "BitPals-CompanionApp.app"; sourceTree = BUILT_PRODUCTS_DIR; };
		537420D22BFB279300FDA29D /* BitPals_CompanionAppApp.swift */ = {isa = PBXFileReference; lastKnownFileType = sourcecode.swift; path = BitPals_CompanionAppApp.swift; sourceTree = "<group>"; };
		537420D42BFB279300FDA29D /* ContentView.swift */ = {isa = PBXFileReference; lastKnownFileType = sourcecode.swift; path = ContentView.swift; sourceTree = "<group>"; };
		537420D62BFB279400FDA29D /* Assets.xcassets */ = {isa = PBXFileReference; lastKnownFileType = folder.assetcatalog; path = Assets.xcassets; sourceTree = "<group>"; };
		537420D92BFB279400FDA29D /* Preview Assets.xcassets */ = {isa = PBXFileReference; lastKnownFileType = folder.assetcatalog; path = "Preview Assets.xcassets"; sourceTree = "<group>"; };
		537421212BFB2FD600FDA29D /* BitPals-CompanionApp.entitlements */ = {isa = PBXFileReference; lastKnownFileType = text.plist.entitlements; path = "BitPals-CompanionApp.entitlements"; sourceTree = "<group>"; };
		537421222BFB42F600FDA29D /* Info.plist */ = {isa = PBXFileReference; lastKnownFileType = text.plist; path = Info.plist; sourceTree = "<group>"; };
		537421292BFB93D700FDA29D /* SignInView.swift */ = {isa = PBXFileReference; lastKnownFileType = sourcecode.swift; path = SignInView.swift; sourceTree = "<group>"; };
		5374213E2BFC8F1000FDA29D /* MainView.swift */ = {isa = PBXFileReference; lastKnownFileType = sourcecode.swift; path = MainView.swift; sourceTree = "<group>"; };
		53BCD0A02BFF7AD40055ADC5 /* MainViewModel.swift */ = {isa = PBXFileReference; lastKnownFileType = sourcecode.swift; path = MainViewModel.swift; sourceTree = "<group>"; };
/* End PBXFileReference section */

/* Begin PBXFrameworksBuildPhase section */
		537420CC2BFB279300FDA29D /* Frameworks */ = {
			isa = PBXFrameworksBuildPhase;
			buildActionMask = 2147483647;
			files = (
			);
			runOnlyForDeploymentPostprocessing = 0;
		};
/* End PBXFrameworksBuildPhase section */

/* Begin PBXGroup section */
		537420C62BFB279300FDA29D = {
			isa = PBXGroup;
			children = (
				537420D12BFB279300FDA29D /* BitPals-CompanionApp */,
				537420D02BFB279300FDA29D /* Products */,
			);
			sourceTree = "<group>";
		};
		537420D02BFB279300FDA29D /* Products */ = {
			isa = PBXGroup;
			children = (
				537420CF2BFB279300FDA29D /* BitPals-CompanionApp.app */,
			);
			name = Products;
			sourceTree = "<group>";
		};
		537420D12BFB279300FDA29D /* BitPals-CompanionApp */ = {
			isa = PBXGroup;
			children = (
				53BCD09F2BFF7AC80055ADC5 /* ViewModels */,
				537421402BFC95D500FDA29D /* Views */,
				537420D22BFB279300FDA29D /* BitPals_CompanionAppApp.swift */,
				537421222BFB42F600FDA29D /* Info.plist */,
				537421212BFB2FD600FDA29D /* BitPals-CompanionApp.entitlements */,
				537420D62BFB279400FDA29D /* Assets.xcassets */,
				537420D82BFB279400FDA29D /* Preview Content */,
			);
			path = "BitPals-CompanionApp";
			sourceTree = "<group>";
		};
		537420D82BFB279400FDA29D /* Preview Content */ = {
			isa = PBXGroup;
			children = (
				537420D92BFB279400FDA29D /* Preview Assets.xcassets */,
			);
			path = "Preview Content";
			sourceTree = "<group>";
		};
		537421402BFC95D500FDA29D /* Views */ = {
			isa = PBXGroup;
			children = (
				537420D42BFB279300FDA29D /* ContentView.swift */,
				537421422BFC960F00FDA29D /* Main */,
				537421412BFC95F700FDA29D /* Authentication */,
			);
			path = Views;
			sourceTree = "<group>";
		};
		537421412BFC95F700FDA29D /* Authentication */ = {
			isa = PBXGroup;
			children = (
				537421292BFB93D700FDA29D /* SignInView.swift */,
			);
			path = Authentication;
			sourceTree = "<group>";
		};
		537421422BFC960F00FDA29D /* Main */ = {
			isa = PBXGroup;
			children = (
				5374213E2BFC8F1000FDA29D /* MainView.swift */,
			);
			path = Main;
			sourceTree = "<group>";
		};
		53BCD09F2BFF7AC80055ADC5 /* ViewModels */ = {
			isa = PBXGroup;
			children = (
				53BCD0A02BFF7AD40055ADC5 /* MainViewModel.swift */,
			);
			path = ViewModels;
			sourceTree = "<group>";
		};
/* End PBXGroup section */

/* Begin PBXNativeTarget section */
		537420CE2BFB279300FDA29D /* BitPals-CompanionApp */ = {
			isa = PBXNativeTarget;
			buildConfigurationList = 537420DD2BFB279400FDA29D /* Build configuration list for PBXNativeTarget "BitPals-CompanionApp" */;
			buildPhases = (
				537420CB2BFB279300FDA29D /* Sources */,
				537420CC2BFB279300FDA29D /* Frameworks */,
				537420CD2BFB279300FDA29D /* Resources */,
			);
			buildRules = (
			);
			dependencies = (
			);
			name = "BitPals-CompanionApp";
			packageProductDependencies = (
			);
			productName = "BitPals-CompanionApp";
			productReference = 537420CF2BFB279300FDA29D /* BitPals-CompanionApp.app */;
			productType = "com.apple.product-type.application";
		};
/* End PBXNativeTarget section */

/* Begin PBXProject section */
		537420C72BFB279300FDA29D /* Project object */ = {
			isa = PBXProject;
			attributes = {
				BuildIndependentTargetsInParallel = 1;
				LastSwiftUpdateCheck = 1530;
				LastUpgradeCheck = 1530;
				TargetAttributes = {
					537420CE2BFB279300FDA29D = {
						CreatedOnToolsVersion = 15.3;
					};
				};
			};
			buildConfigurationList = 537420CA2BFB279300FDA29D /* Build configuration list for PBXProject "BitPals-CompanionApp" */;
			compatibilityVersion = "Xcode 14.0";
			developmentRegion = en;
			hasScannedForEncodings = 0;
			knownRegions = (
				en,
				Base,
			);
			mainGroup = 537420C62BFB279300FDA29D;
			packageReferences = (
			);
			productRefGroup = 537420D02BFB279300FDA29D /* Products */;
			projectDirPath = "";
			projectRoot = "";
			targets = (
				537420CE2BFB279300FDA29D /* BitPals-CompanionApp */,
			);
		};
/* End PBXProject section */

/* Begin PBXResourcesBuildPhase section */
		537420CD2BFB279300FDA29D /* Resources */ = {
			isa = PBXResourcesBuildPhase;
			buildActionMask = 2147483647;
			files = (
				537420DA2BFB279400FDA29D /* Preview Assets.xcassets in Resources */,
				537420D72BFB279400FDA29D /* Assets.xcassets in Resources */,
			);
			runOnlyForDeploymentPostprocessing = 0;
		};
/* End PBXResourcesBuildPhase section */

/* Begin PBXSourcesBuildPhase section */
		537420CB2BFB279300FDA29D /* Sources */ = {
			isa = PBXSourcesBuildPhase;
			buildActionMask = 2147483647;
			files = (
				53BCD0A12BFF7AD40055ADC5 /* MainViewModel.swift in Sources */,
				5374212A2BFB93D700FDA29D /* SignInView.swift in Sources */,
				5374213F2BFC8F1000FDA29D /* MainView.swift in Sources */,
				537420D52BFB279300FDA29D /* ContentView.swift in Sources */,
				537420D32BFB279300FDA29D /* BitPals_CompanionAppApp.swift in Sources */,
			);
			runOnlyForDeploymentPostprocessing = 0;
		};
/* End PBXSourcesBuildPhase section */

/* Begin XCBuildConfiguration section */
		537420DB2BFB279400FDA29D /* Debug */ = {
			isa = XCBuildConfiguration;
			buildSettings = {
				ALWAYS_SEARCH_USER_PATHS = NO;
				ASSETCATALOG_COMPILER_GENERATE_SWIFT_ASSET_SYMBOL_EXTENSIONS = YES;
				CLANG_ANALYZER_NONNULL = YES;
				CLANG_ANALYZER_NUMBER_OBJECT_CONVERSION = YES_AGGRESSIVE;
				CLANG_CXX_LANGUAGE_STANDARD = "gnu++20";
				CLANG_ENABLE_MODULES = YES;
				CLANG_ENABLE_OBJC_ARC = YES;
				CLANG_ENABLE_OBJC_WEAK = YES;
				CLANG_WARN_BLOCK_CAPTURE_AUTORELEASING = YES;
				CLANG_WARN_BOOL_CONVERSION = YES;
				CLANG_WARN_COMMA = YES;
				CLANG_WARN_CONSTANT_CONVERSION = YES;
				CLANG_WARN_DEPRECATED_OBJC_IMPLEMENTATIONS = YES;
				CLANG_WARN_DIRECT_OBJC_ISA_USAGE = YES_ERROR;
				CLANG_WARN_DOCUMENTATION_COMMENTS = YES;
				CLANG_WARN_EMPTY_BODY = YES;
				CLANG_WARN_ENUM_CONVERSION = YES;
				CLANG_WARN_INFINITE_RECURSION = YES;
				CLANG_WARN_INT_CONVERSION = YES;
				CLANG_WARN_NON_LITERAL_NULL_CONVERSION = YES;
				CLANG_WARN_OBJC_IMPLICIT_RETAIN_SELF = YES;
				CLANG_WARN_OBJC_LITERAL_CONVERSION = YES;
				CLANG_WARN_OBJC_ROOT_CLASS = YES_ERROR;
				CLANG_WARN_QUOTED_INCLUDE_IN_FRAMEWORK_HEADER = YES;
				CLANG_WARN_RANGE_LOOP_ANALYSIS = YES;
				CLANG_WARN_STRICT_PROTOTYPES = YES;
				CLANG_WARN_SUSPICIOUS_MOVE = YES;
				CLANG_WARN_UNGUARDED_AVAILABILITY = YES_AGGRESSIVE;
				CLANG_WARN_UNREACHABLE_CODE = YES;
				CLANG_WARN__DUPLICATE_METHOD_MATCH = YES;
				COPY_PHASE_STRIP = NO;
				DEBUG_INFORMATION_FORMAT = dwarf;
				ENABLE_STRICT_OBJC_MSGSEND = YES;
				ENABLE_TESTABILITY = YES;
				ENABLE_USER_SCRIPT_SANDBOXING = YES;
				GCC_C_LANGUAGE_STANDARD = gnu17;
				GCC_DYNAMIC_NO_PIC = NO;
				GCC_NO_COMMON_BLOCKS = YES;
				GCC_OPTIMIZATION_LEVEL = 0;
				GCC_PREPROCESSOR_DEFINITIONS = (
					"DEBUG=1",
					"$(inherited)",
				);
				GCC_WARN_64_TO_32_BIT_CONVERSION = YES;
				GCC_WARN_ABOUT_RETURN_TYPE = YES_ERROR;
				GCC_WARN_UNDECLARED_SELECTOR = YES;
				GCC_WARN_UNINITIALIZED_AUTOS = YES_AGGRESSIVE;
				GCC_WARN_UNUSED_FUNCTION = YES;
				GCC_WARN_UNUSED_VARIABLE = YES;
				IPHONEOS_DEPLOYMENT_TARGET = 17.4;
				LOCALIZATION_PREFERS_STRING_CATALOGS = YES;
				MTL_ENABLE_DEBUG_INFO = INCLUDE_SOURCE;
				MTL_FAST_MATH = YES;
				ONLY_ACTIVE_ARCH = YES;
				SDKROOT = iphoneos;
				SWIFT_ACTIVE_COMPILATION_CONDITIONS = "DEBUG $(inherited)";
				SWIFT_OPTIMIZATION_LEVEL = "-Onone";
			};
			name = Debug;
		};
		537420DC2BFB279400FDA29D /* Release */ = {
			isa = XCBuildConfiguration;
			buildSettings = {
				ALWAYS_SEARCH_USER_PATHS = NO;
				ASSETCATALOG_COMPILER_GENERATE_SWIFT_ASSET_SYMBOL_EXTENSIONS = YES;
				CLANG_ANALYZER_NONNULL = YES;
				CLANG_ANALYZER_NUMBER_OBJECT_CONVERSION = YES_AGGRESSIVE;
				CLANG_CXX_LANGUAGE_STANDARD = "gnu++20";
				CLANG_ENABLE_MODULES = YES;
				CLANG_ENABLE_OBJC_ARC = YES;
				CLANG_ENABLE_OBJC_WEAK = YES;
				CLANG_WARN_BLOCK_CAPTURE_AUTORELEASING = YES;
				CLANG_WARN_BOOL_CONVERSION = YES;
				CLANG_WARN_COMMA = YES;
				CLANG_WARN_CONSTANT_CONVERSION = YES;
				CLANG_WARN_DEPRECATED_OBJC_IMPLEMENTATIONS = YES;
				CLANG_WARN_DIRECT_OBJC_ISA_USAGE = YES_ERROR;
				CLANG_WARN_DOCUMENTATION_COMMENTS = YES;
				CLANG_WARN_EMPTY_BODY = YES;
				CLANG_WARN_ENUM_CONVERSION = YES;
				CLANG_WARN_INFINITE_RECURSION = YES;
				CLANG_WARN_INT_CONVERSION = YES;
				CLANG_WARN_NON_LITERAL_NULL_CONVERSION = YES;
				CLANG_WARN_OBJC_IMPLICIT_RETAIN_SELF = YES;
				CLANG_WARN_OBJC_LITERAL_CONVERSION = YES;
				CLANG_WARN_OBJC_ROOT_CLASS = YES_ERROR;
				CLANG_WARN_QUOTED_INCLUDE_IN_FRAMEWORK_HEADER = YES;
				CLANG_WARN_RANGE_LOOP_ANALYSIS = YES;
				CLANG_WARN_STRICT_PROTOTYPES = YES;
				CLANG_WARN_SUSPICIOUS_MOVE = YES;
				CLANG_WARN_UNGUARDED_AVAILABILITY = YES_AGGRESSIVE;
				CLANG_WARN_UNREACHABLE_CODE = YES;
				CLANG_WARN__DUPLICATE_METHOD_MATCH = YES;
				COPY_PHASE_STRIP = NO;
				DEBUG_INFORMATION_FORMAT = "dwarf-with-dsym";
				ENABLE_NS_ASSERTIONS = NO;
				ENABLE_STRICT_OBJC_MSGSEND = YES;
				ENABLE_USER_SCRIPT_SANDBOXING = YES;
				GCC_C_LANGUAGE_STANDARD = gnu17;
				GCC_NO_COMMON_BLOCKS = YES;
				GCC_WARN_64_TO_32_BIT_CONVERSION = YES;
				GCC_WARN_ABOUT_RETURN_TYPE = YES_ERROR;
				GCC_WARN_UNDECLARED_SELECTOR = YES;
				GCC_WARN_UNINITIALIZED_AUTOS = YES_AGGRESSIVE;
				GCC_WARN_UNUSED_FUNCTION = YES;
				GCC_WARN_UNUSED_VARIABLE = YES;
				IPHONEOS_DEPLOYMENT_TARGET = 17.4;
				LOCALIZATION_PREFERS_STRING_CATALOGS = YES;
				MTL_ENABLE_DEBUG_INFO = NO;
				MTL_FAST_MATH = YES;
				SDKROOT = iphoneos;
				SWIFT_COMPILATION_MODE = wholemodule;
				VALIDATE_PRODUCT = YES;
			};
			name = Release;
		};
		537420DE2BFB279400FDA29D /* Debug */ = {
			isa = XCBuildConfiguration;
			buildSettings = {
				ASSETCATALOG_COMPILER_APPICON_NAME = AppIcon;
				ASSETCATALOG_COMPILER_GLOBAL_ACCENT_COLOR_NAME = AccentColor;
				CODE_SIGN_ENTITLEMENTS = "BitPals-CompanionApp/BitPals-CompanionApp.entitlements";
				CODE_SIGN_STYLE = Automatic;
				CURRENT_PROJECT_VERSION = 1;
				DEVELOPMENT_ASSET_PATHS = "\"BitPals-CompanionApp/Preview Content\"";
				DEVELOPMENT_TEAM = XJ7Y6VR3NN;
				ENABLE_PREVIEWS = YES;
				GENERATE_INFOPLIST_FILE = YES;
				INFOPLIST_FILE = "BitPals-CompanionApp/Info.plist";
				INFOPLIST_KEY_NSHealthShareUsageDescription = "This app need your permission to access your data to send them to the macOS version of this app to make reminders";
				INFOPLIST_KEY_UIApplicationSceneManifest_Generation = YES;
				INFOPLIST_KEY_UIApplicationSupportsIndirectInputEvents = YES;
				INFOPLIST_KEY_UILaunchScreen_Generation = YES;
				INFOPLIST_KEY_UISupportedInterfaceOrientations_iPad = "UIInterfaceOrientationPortrait UIInterfaceOrientationPortraitUpsideDown UIInterfaceOrientationLandscapeLeft UIInterfaceOrientationLandscapeRight";
				INFOPLIST_KEY_UISupportedInterfaceOrientations_iPhone = "UIInterfaceOrientationPortrait UIInterfaceOrientationLandscapeLeft UIInterfaceOrientationLandscapeRight";
				LD_RUNPATH_SEARCH_PATHS = (
					"$(inherited)",
					"@executable_path/Frameworks",
				);
				MARKETING_VERSION = 1.0;
				PRODUCT_BUNDLE_IDENTIFIER = "com.christophertessy.BitPals-CompanionApp";
				PRODUCT_NAME = "$(TARGET_NAME)";
				SWIFT_EMIT_LOC_STRINGS = YES;
				SWIFT_VERSION = 5.0;
				TARGETED_DEVICE_FAMILY = "1,2";
			};
			name = Debug;
		};
		537420DF2BFB279400FDA29D /* Release */ = {
			isa = XCBuildConfiguration;
			buildSettings = {
				ASSETCATALOG_COMPILER_APPICON_NAME = AppIcon;
				ASSETCATALOG_COMPILER_GLOBAL_ACCENT_COLOR_NAME = AccentColor;
				CODE_SIGN_ENTITLEMENTS = "BitPals-CompanionApp/BitPals-CompanionApp.entitlements";
				CODE_SIGN_STYLE = Automatic;
				CURRENT_PROJECT_VERSION = 1;
				DEVELOPMENT_ASSET_PATHS = "\"BitPals-CompanionApp/Preview Content\"";
				DEVELOPMENT_TEAM = XJ7Y6VR3NN;
				ENABLE_PREVIEWS = YES;
				GENERATE_INFOPLIST_FILE = YES;
				INFOPLIST_FILE = "BitPals-CompanionApp/Info.plist";
				INFOPLIST_KEY_NSHealthShareUsageDescription = "This app need your permission to access your data to send them to the macOS version of this app to make reminders";
				INFOPLIST_KEY_UIApplicationSceneManifest_Generation = YES;
				INFOPLIST_KEY_UIApplicationSupportsIndirectInputEvents = YES;
				INFOPLIST_KEY_UILaunchScreen_Generation = YES;
				INFOPLIST_KEY_UISupportedInterfaceOrientations_iPad = "UIInterfaceOrientationPortrait UIInterfaceOrientationPortraitUpsideDown UIInterfaceOrientationLandscapeLeft UIInterfaceOrientationLandscapeRight";
				INFOPLIST_KEY_UISupportedInterfaceOrientations_iPhone = "UIInterfaceOrientationPortrait UIInterfaceOrientationLandscapeLeft UIInterfaceOrientationLandscapeRight";
				LD_RUNPATH_SEARCH_PATHS = (
					"$(inherited)",
					"@executable_path/Frameworks",
				);
				MARKETING_VERSION = 1.0;
				PRODUCT_BUNDLE_IDENTIFIER = "com.christophertessy.BitPals-CompanionApp";
				PRODUCT_NAME = "$(TARGET_NAME)";
				SWIFT_EMIT_LOC_STRINGS = YES;
				SWIFT_VERSION = 5.0;
				TARGETED_DEVICE_FAMILY = "1,2";
			};
			name = Release;
		};
/* End XCBuildConfiguration section */

/* Begin XCConfigurationList section */
		537420CA2BFB279300FDA29D /* Build configuration list for PBXProject "BitPals-CompanionApp" */ = {
			isa = XCConfigurationList;
			buildConfigurations = (
				537420DB2BFB279400FDA29D /* Debug */,
				537420DC2BFB279400FDA29D /* Release */,
			);
			defaultConfigurationIsVisible = 0;
			defaultConfigurationName = Release;
		};
		537420DD2BFB279400FDA29D /* Build configuration list for PBXNativeTarget "BitPals-CompanionApp" */ = {
			isa = XCConfigurationList;
			buildConfigurations = (
				537420DE2BFB279400FDA29D /* Debug */,
				537420DF2BFB279400FDA29D /* Release */,
			);
			defaultConfigurationIsVisible = 0;
			defaultConfigurationName = Release;
		};
/* End XCConfigurationList section */
	};
	rootObject = 537420C72BFB279300FDA29D /* Project object */;
}
